
Microsoft Visual Studio Solution File, Format Version 12.00
# Visual Studio Version 17
VisualStudioVersion = 17.14.36401.2
MinimumVisualStudioVersion = 10.0.40219.1
Project("{FAE04EC0-301F-11D3-BF4B-00C04F79EFBC}") = "BookLibrary.ConsoleApp", "BookLibrary.ConsoleApp\BookLibrary.ConsoleApp.csproj", "{73E624C6-FE57-4B20-BA26-A30FEA023245}"
EndProject
Project("{FAE04EC0-301F-11D3-BF4B-00C04F79EFBC}") = "BookLibrary.Core", "BookLibrary.Core\BookLibrary.Core.csproj", "{6CC4B80A-1C33-4ECF-BF44-50F58683177E}"
EndProject
Project("{FAE04EC0-301F-11D3-BF4B-00C04F79EFBC}") = "BookLibrary.Launcher", "BookLibrary.Launcher\BookLibrary.Launcher.csproj", "{D6897536-FD7C-45F1-8FAD-F93BE4799417}"
EndProject
Project("{FAE04EC0-301F-11D3-BF4B-00C04F79EFBC}") = "BookLibrary.Watcher", "BookLibrary.Watcher\BookLibrary.Watcher.csproj", "{8ACB6482-BF6E-4454-B7AE-8396F64D4F6E}"
EndProject
Project("{FAE04EC0-301F-11D3-BF4B-00C04F79EFBC}") = "BookLibrary.WinForms", "BookLibrary.WinForms\BookLibrary.WinForms.csproj", "{2FAEC361-FF82-4605-B1C6-083E30F28684}"
EndProject
Global
	GlobalSection(SolutionConfigurationPlatforms) = preSolution
		Debug|Any CPU = Debug|Any CPU
		Release|Any CPU = Release|Any CPU
	EndGlobalSection
	GlobalSection(ProjectConfigurationPlatforms) = postSolution
		{73E624C6-FE57-4B20-BA26-A30FEA023245}.Debug|Any CPU.ActiveCfg = Debug|Any CPU
		{73E624C6-FE57-4B20-BA26-A30FEA023245}.Debug|Any CPU.Build.0 = Debug|Any CPU
		{73E624C6-FE57-4B20-BA26-A30FEA023245}.Release|Any CPU.ActiveCfg = Release|Any CPU
		{73E624C6-FE57-4B20-BA26-A30FEA023245}.Release|Any CPU.Build.0 = Release|Any CPU
		{6CC4B80A-1C33-4ECF-BF44-50F58683177E}.Debug|Any CPU.ActiveCfg = Debug|Any CPU
		{6CC4B80A-1C33-4ECF-BF44-50F58683177E}.Debug|Any CPU.Build.0 = Debug|Any CPU
		{6CC4B80A-1C33-4ECF-BF44-50F58683177E}.Release|Any CPU.ActiveCfg = Release|Any CPU
		{6CC4B80A-1C33-4ECF-BF44-50F58683177E}.Release|Any CPU.Build.0 = Release|Any CPU
		{D6897536-FD7C-45F1-8FAD-F93BE4799417}.Debug|Any CPU.ActiveCfg = Debug|Any CPU
		{D6897536-FD7C-45F1-8FAD-F93BE4799417}.Debug|Any CPU.Build.0 = Debug|Any CPU
		{D6897536-FD7C-45F1-8FAD-F93BE4799417}.Release|Any CPU.ActiveCfg = Release|Any CPU
		{D6897536-FD7C-45F1-8FAD-F93BE4799417}.Release|Any CPU.Build.0 = Release|Any CPU
		{8ACB6482-BF6E-4454-B7AE-8396F64D4F6E}.Debug|Any CPU.ActiveCfg = Debug|Any CPU
		{8ACB6482-BF6E-4454-B7AE-8396F64D4F6E}.Debug|Any CPU.Build.0 = Debug|Any CPU
		{8ACB6482-BF6E-4454-B7AE-8396F64D4F6E}.Release|Any CPU.ActiveCfg = Release|Any CPU
		{8ACB6482-BF6E-4454-B7AE-8396F64D4F6E}.Release|Any CPU.Build.0 = Release|Any CPU
		{2FAEC361-FF82-4605-B1C6-083E30F28684}.Debug|Any CPU.ActiveCfg = Debug|Any CPU
		{2FAEC361-FF82-4605-B1C6-083E30F28684}.Debug|Any CPU.Build.0 = Debug|Any CPU
		{2FAEC361-FF82-4605-B1C6-083E30F28684}.Release|Any CPU.ActiveCfg = Release|Any CPU
		{2FAEC361-FF82-4605-B1C6-083E30F28684}.Release|Any CPU.Build.0 = Release|Any CPU
	EndGlobalSection
	GlobalSection(SolutionProperties) = preSolution
		HideSolutionNode = FALSE
	EndGlobalSection
	GlobalSection(ExtensibilityGlobals) = postSolution
		SolutionGuid = {A201C98E-8940-47FD-BB0E-6414D48A4B40}
	EndGlobalSection
EndGlobal
